// !$*UTF8*$!
{
	archiveVersion = 1;
	classes = {
	};
	objectVersion = 46;
	objects = {

/* Begin PBXBuildFile section */
		7F21383D215A147900553605 /* Import.swift in Sources */ = {isa = PBXBuildFile; fileRef = 7F21383C215A147900553605 /* Import.swift */; };
		7F2583AE214CB71600B332AC /* Export.swift in Sources */ = {isa = PBXBuildFile; fileRef = 7F2583AD214CB71600B332AC /* Export.swift */; };
		7F39E8EA2148AC7200252FF6 /* SSZipArchive.h in Sources */ = {isa = PBXBuildFile; fileRef = 7F39E8E62148AC7200252FF6 /* SSZipArchive.h */; };
		7F39E8EB2148AC7200252FF6 /* SSZipArchive.m in Sources */ = {isa = PBXBuildFile; fileRef = 7F39E8E72148AC7200252FF6 /* SSZipArchive.m */; };
		7F39E8EC2148AC7200252FF6 /* SSZipCommon.h in Sources */ = {isa = PBXBuildFile; fileRef = 7F39E8E82148AC7200252FF6 /* SSZipCommon.h */; };
		7F39E8ED2148AC7200252FF6 /* ZipArchive.h in Sources */ = {isa = PBXBuildFile; fileRef = 7F39E8E92148AC7200252FF6 /* ZipArchive.h */; };
		7F39E8FC2148ACC000252FF6 /* crypt.c in Sources */ = {isa = PBXBuildFile; fileRef = 7F39E8EE2148ACC000252FF6 /* crypt.c */; };
		7F39E8FD2148ACC000252FF6 /* crypt.h in Sources */ = {isa = PBXBuildFile; fileRef = 7F39E8EF2148ACC000252FF6 /* crypt.h */; };
		7F39E8FE2148ACC000252FF6 /* ioapi_buf.c in Sources */ = {isa = PBXBuildFile; fileRef = 7F39E8F02148ACC000252FF6 /* ioapi_buf.c */; };
		7F39E8FF2148ACC000252FF6 /* ioapi_buf.h in Sources */ = {isa = PBXBuildFile; fileRef = 7F39E8F12148ACC000252FF6 /* ioapi_buf.h */; };
		7F39E9002148ACC000252FF6 /* ioapi_mem.c in Sources */ = {isa = PBXBuildFile; fileRef = 7F39E8F22148ACC000252FF6 /* ioapi_mem.c */; };
		7F39E9012148ACC000252FF6 /* ioapi_mem.h in Sources */ = {isa = PBXBuildFile; fileRef = 7F39E8F32148ACC000252FF6 /* ioapi_mem.h */; };
		7F39E9022148ACC000252FF6 /* ioapi.c in Sources */ = {isa = PBXBuildFile; fileRef = 7F39E8F42148ACC000252FF6 /* ioapi.c */; };
		7F39E9032148ACC000252FF6 /* ioapi.h in Sources */ = {isa = PBXBuildFile; fileRef = 7F39E8F52148ACC000252FF6 /* ioapi.h */; };
		7F39E9042148ACC000252FF6 /* minishared.c in Sources */ = {isa = PBXBuildFile; fileRef = 7F39E8F62148ACC000252FF6 /* minishared.c */; };
		7F39E9052148ACC000252FF6 /* minishared.h in Sources */ = {isa = PBXBuildFile; fileRef = 7F39E8F72148ACC000252FF6 /* minishared.h */; };
		7F39E9062148ACC000252FF6 /* unzip.c in Sources */ = {isa = PBXBuildFile; fileRef = 7F39E8F82148ACC000252FF6 /* unzip.c */; };
		7F39E9072148ACC000252FF6 /* unzip.h in Sources */ = {isa = PBXBuildFile; fileRef = 7F39E8F92148ACC000252FF6 /* unzip.h */; };
		7F39E9082148ACC000252FF6 /* zip.c in Sources */ = {isa = PBXBuildFile; fileRef = 7F39E8FA2148ACC000252FF6 /* zip.c */; };
		7F39E9092148ACC000252FF6 /* zip.h in Sources */ = {isa = PBXBuildFile; fileRef = 7F39E8FB2148ACC000252FF6 /* zip.h */; };
		7F39E91E2148ACE900252FF6 /* aes_ni.c in Sources */ = {isa = PBXBuildFile; fileRef = 7F39E90A2148ACE900252FF6 /* aes_ni.c */; };
		7F39E91F2148ACE900252FF6 /* aes_ni.h in Sources */ = {isa = PBXBuildFile; fileRef = 7F39E90B2148ACE900252FF6 /* aes_ni.h */; };
		7F39E9202148ACE900252FF6 /* aes.h in Sources */ = {isa = PBXBuildFile; fileRef = 7F39E90C2148ACE900252FF6 /* aes.h */; };
		7F39E9212148ACE900252FF6 /* aescrypt.c in Sources */ = {isa = PBXBuildFile; fileRef = 7F39E90D2148ACE900252FF6 /* aescrypt.c */; };
		7F39E9222148ACE900252FF6 /* aeskey.c in Sources */ = {isa = PBXBuildFile; fileRef = 7F39E90E2148ACE900252FF6 /* aeskey.c */; };
		7F39E9232148ACE900252FF6 /* aesopt.h in Sources */ = {isa = PBXBuildFile; fileRef = 7F39E90F2148ACE900252FF6 /* aesopt.h */; };
		7F39E9242148ACE900252FF6 /* aestab.c in Sources */ = {isa = PBXBuildFile; fileRef = 7F39E9102148ACE900252FF6 /* aestab.c */; };
		7F39E9252148ACE900252FF6 /* aestab.h in Sources */ = {isa = PBXBuildFile; fileRef = 7F39E9112148ACE900252FF6 /* aestab.h */; };
		7F39E9262148ACE900252FF6 /* brg_endian.h in Sources */ = {isa = PBXBuildFile; fileRef = 7F39E9122148ACE900252FF6 /* brg_endian.h */; };
		7F39E9272148ACE900252FF6 /* brg_types.h in Sources */ = {isa = PBXBuildFile; fileRef = 7F39E9132148ACE900252FF6 /* brg_types.h */; };
		7F39E9282148ACE900252FF6 /* fileenc.c in Sources */ = {isa = PBXBuildFile; fileRef = 7F39E9142148ACE900252FF6 /* fileenc.c */; };
		7F39E9292148ACE900252FF6 /* fileenc.h in Sources */ = {isa = PBXBuildFile; fileRef = 7F39E9152148ACE900252FF6 /* fileenc.h */; };
		7F39E92A2148ACE900252FF6 /* hmac.c in Sources */ = {isa = PBXBuildFile; fileRef = 7F39E9162148ACE900252FF6 /* hmac.c */; };
		7F39E92B2148ACE900252FF6 /* hmac.h in Sources */ = {isa = PBXBuildFile; fileRef = 7F39E9172148ACE900252FF6 /* hmac.h */; };
		7F39E92C2148ACE900252FF6 /* prng.c in Sources */ = {isa = PBXBuildFile; fileRef = 7F39E9182148ACE900252FF6 /* prng.c */; };
		7F39E92D2148ACE900252FF6 /* prng.h in Sources */ = {isa = PBXBuildFile; fileRef = 7F39E9192148ACE900252FF6 /* prng.h */; };
		7F39E92E2148ACE900252FF6 /* pwd2key.c in Sources */ = {isa = PBXBuildFile; fileRef = 7F39E91A2148ACE900252FF6 /* pwd2key.c */; };
		7F39E92F2148ACE900252FF6 /* pwd2key.h in Sources */ = {isa = PBXBuildFile; fileRef = 7F39E91B2148ACE900252FF6 /* pwd2key.h */; };
		7F39E9302148ACE900252FF6 /* sha1.c in Sources */ = {isa = PBXBuildFile; fileRef = 7F39E91C2148ACE900252FF6 /* sha1.c */; };
		7F39E9312148ACE900252FF6 /* sha1.h in Sources */ = {isa = PBXBuildFile; fileRef = 7F39E91D2148ACE900252FF6 /* sha1.h */; };
		7F61E4542150D73300F0AA29 /* SceneObject.swift in Sources */ = {isa = PBXBuildFile; fileRef = 7F61E4532150D73300F0AA29 /* SceneObject.swift */; };
		7F61E4562150D82300F0AA29 /* Cube.swift in Sources */ = {isa = PBXBuildFile; fileRef = 7F61E4552150D82300F0AA29 /* Cube.swift */; };
		7F61E4582150DDF200F0AA29 /* Scene.swift in Sources */ = {isa = PBXBuildFile; fileRef = 7F61E4572150DDF200F0AA29 /* Scene.swift */; };
		7F61E45A2151132600F0AA29 /* PropertiesTableViewDataSource.swift in Sources */ = {isa = PBXBuildFile; fileRef = 7F61E4592151132600F0AA29 /* PropertiesTableViewDataSource.swift */; };
		7F61E45C2151664200F0AA29 /* Face.swift in Sources */ = {isa = PBXBuildFile; fileRef = 7F61E45B2151664200F0AA29 /* Face.swift */; };
		7F61E45E215171A800F0AA29 /* Cone.swift in Sources */ = {isa = PBXBuildFile; fileRef = 7F61E45D215171A800F0AA29 /* Cone.swift */; };
		7F61E460215177A000F0AA29 /* Pyramid.swift in Sources */ = {isa = PBXBuildFile; fileRef = 7F61E45F215177A000F0AA29 /* Pyramid.swift */; };
		7F61E46221517AC800F0AA29 /* Cylinder.swift in Sources */ = {isa = PBXBuildFile; fileRef = 7F61E46121517AC800F0AA29 /* Cylinder.swift */; };
		7F61E46421518E6600F0AA29 /* Demo1.swift in Sources */ = {isa = PBXBuildFile; fileRef = 7F61E46321518E6600F0AA29 /* Demo1.swift */; };
		7F61E466215317A900F0AA29 /* CompoundRoof.swift in Sources */ = {isa = PBXBuildFile; fileRef = 7F61E465215317A900F0AA29 /* CompoundRoof.swift */; };
		7F68312321001CBC00B8FC8E /* Test.m in Sources */ = {isa = PBXBuildFile; fileRef = 7F68312221001CBC00B8FC8E /* Test.m */; };
		7F68312621001D5F00B8FC8E /* AppDelegate.m in Sources */ = {isa = PBXBuildFile; fileRef = 7F68312521001D5F00B8FC8E /* AppDelegate.m */; };
		7F68312921001D8A00B8FC8E /* MetalView.m in Sources */ = {isa = PBXBuildFile; fileRef = 7F68312821001D8A00B8FC8E /* MetalView.m */; };
		7F68312E21001DA700B8FC8E /* OBJModel.mm in Sources */ = {isa = PBXBuildFile; fileRef = 7F68312B21001DA700B8FC8E /* OBJModel.mm */; };
		7F68312F21001DA700B8FC8E /* Renderer.m in Sources */ = {isa = PBXBuildFile; fileRef = 7F68312D21001DA700B8FC8E /* Renderer.m */; };
		7F68313821001DE400B8FC8E /* teapot.obj in Resources */ = {isa = PBXBuildFile; fileRef = 7F68313221001DE400B8FC8E /* teapot.obj */; };
		7F68313921001DE400B8FC8E /* Transforms.mm in Sources */ = {isa = PBXBuildFile; fileRef = 7F68313421001DE400B8FC8E /* Transforms.mm */; };
		7F68313A21001DE400B8FC8E /* ViewController.mm in Sources */ = {isa = PBXBuildFile; fileRef = 7F68313621001DE400B8FC8E /* ViewController.mm */; };
		7F68313C2104038200B8FC8E /* Vertex.swift in Sources */ = {isa = PBXBuildFile; fileRef = 7F68313B2104038200B8FC8E /* Vertex.swift */; };
		7F8230DC214C0CD900BD262C /* ActionsTableViewDataSource.swift in Sources */ = {isa = PBXBuildFile; fileRef = 7F8230DB214C0CD900BD262C /* ActionsTableViewDataSource.swift */; };
		7F8230DE214C6FEB00BD262C /* Context.swift in Sources */ = {isa = PBXBuildFile; fileRef = 7F8230DD214C6FEB00BD262C /* Context.swift */; };
		7FEBAC0820F7C47E00D99284 /* AppDelegate.swift in Sources */ = {isa = PBXBuildFile; fileRef = 7FEBAC0720F7C47E00D99284 /* AppDelegate.swift */; };
		7FEBAC0A20F7C47E00D99284 /* RootViewController.swift in Sources */ = {isa = PBXBuildFile; fileRef = 7FEBAC0920F7C47E00D99284 /* RootViewController.swift */; };
		7FEBAC0C20F7C47E00D99284 /* DataViewController.swift in Sources */ = {isa = PBXBuildFile; fileRef = 7FEBAC0B20F7C47E00D99284 /* DataViewController.swift */; };
		7FEBAC0E20F7C47E00D99284 /* ModelController.swift in Sources */ = {isa = PBXBuildFile; fileRef = 7FEBAC0D20F7C47E00D99284 /* ModelController.swift */; };
		7FEBAC1120F7C47E00D99284 /* Main.storyboard in Resources */ = {isa = PBXBuildFile; fileRef = 7FEBAC0F20F7C47E00D99284 /* Main.storyboard */; };
		7FEBAC1320F7C47E00D99284 /* Assets.xcassets in Resources */ = {isa = PBXBuildFile; fileRef = 7FEBAC1220F7C47E00D99284 /* Assets.xcassets */; };
		7FEBAC1620F7C47E00D99284 /* LaunchScreen.storyboard in Resources */ = {isa = PBXBuildFile; fileRef = 7FEBAC1420F7C47E00D99284 /* LaunchScreen.storyboard */; };
		7FEBAC2120F7C47F00D99284 /* MidJuly_PagedTests.swift in Sources */ = {isa = PBXBuildFile; fileRef = 7FEBAC2020F7C47F00D99284 /* MidJuly_PagedTests.swift */; };
		7FEBAC2C20F7C47F00D99284 /* MidJuly_PagedUITests.swift in Sources */ = {isa = PBXBuildFile; fileRef = 7FEBAC2B20F7C47F00D99284 /* MidJuly_PagedUITests.swift */; };
		7FEBAC3A20F7CD2B00D99284 /* TopBlueprintViewController.swift in Sources */ = {isa = PBXBuildFile; fileRef = 7FEBAC3920F7CD2B00D99284 /* TopBlueprintViewController.swift */; };
		7FEBAC4020F7F49300D99284 /* Node.swift in Sources */ = {isa = PBXBuildFile; fileRef = 7FEBAC3F20F7F49300D99284 /* Node.swift */; };
		7FEBAC4220F7F4B700D99284 /* Matrix4.swift in Sources */ = {isa = PBXBuildFile; fileRef = 7FEBAC4120F7F4B700D99284 /* Matrix4.swift */; };
		7FEBAC4420F7F67D00D99284 /* Shaders.metal in Sources */ = {isa = PBXBuildFile; fileRef = 7FEBAC4320F7F67D00D99284 /* Shaders.metal */; };
		7FEBAC4620F7FE9300D99284 /* Line.swift in Sources */ = {isa = PBXBuildFile; fileRef = 7FEBAC4520F7FE9300D99284 /* Line.swift */; };
		7FEBAC4820F9747200D99284 /* Shaders2D.metal in Sources */ = {isa = PBXBuildFile; fileRef = 7FEBAC4720F9747200D99284 /* Shaders2D.metal */; };
		7FEBAC4A20F9793000D99284 /* Triangle.swift in Sources */ = {isa = PBXBuildFile; fileRef = 7FEBAC4920F9793000D99284 /* Triangle.swift */; };
		7FEBAC4C20F979F300D99284 /* Node2D.swift in Sources */ = {isa = PBXBuildFile; fileRef = 7FEBAC4B20F979F300D99284 /* Node2D.swift */; };
		7FEEBC6E2148A9FC00023376 /* SSZipArchive in Resources */ = {isa = PBXBuildFile; fileRef = 7FEEBC6D2148A9FC00023376 /* SSZipArchive */; };
		7FEEBC712148AA8B00023376 /* libz.1.2.8.tbd in Frameworks */ = {isa = PBXBuildFile; fileRef = 7FEEBC702148AA8B00023376 /* libz.1.2.8.tbd */; };
/* End PBXBuildFile section */

/* Begin PBXContainerItemProxy section */
		7FEBAC1D20F7C47F00D99284 /* PBXContainerItemProxy */ = {
			isa = PBXContainerItemProxy;
			containerPortal = 7FEBABFC20F7C47E00D99284 /* Project object */;
			proxyType = 1;
			remoteGlobalIDString = 7FEBAC0320F7C47E00D99284;
			remoteInfo = MidJuly_Paged;
		};
		7FEBAC2820F7C47F00D99284 /* PBXContainerItemProxy */ = {
			isa = PBXContainerItemProxy;
			containerPortal = 7FEBABFC20F7C47E00D99284 /* Project object */;
			proxyType = 1;
			remoteGlobalIDString = 7FEBAC0320F7C47E00D99284;
			remoteInfo = MidJuly_Paged;
		};
/* End PBXContainerItemProxy section */

/* Begin PBXFileReference section */
		7F21383C215A147900553605 /* Import.swift */ = {isa = PBXFileReference; fileEncoding = 4; lastKnownFileType = sourcecode.swift; path = Import.swift; sourceTree = "<group>"; };
		7F2583AD214CB71600B332AC /* Export.swift */ = {isa = PBXFileReference; fileEncoding = 4; lastKnownFileType = sourcecode.swift; path = Export.swift; sourceTree = "<group>"; };
		7F39E8E62148AC7200252FF6 /* SSZipArchive.h */ = {isa = PBXFileReference; lastKnownFileType = sourcecode.c.h; name = SSZipArchive.h; path = MidJuly_Paged/SSZipArchive/SSZipArchive.h; sourceTree = "<group>"; };
		7F39E8E72148AC7200252FF6 /* SSZipArchive.m */ = {isa = PBXFileReference; lastKnownFileType = sourcecode.c.objc; name = SSZipArchive.m; path = MidJuly_Paged/SSZipArchive/SSZipArchive.m; sourceTree = "<group>"; };
		7F39E8E82148AC7200252FF6 /* SSZipCommon.h */ = {isa = PBXFileReference; lastKnownFileType = sourcecode.c.h; name = SSZipCommon.h; path = MidJuly_Paged/SSZipArchive/SSZipCommon.h; sourceTree = "<group>"; };
		7F39E8E92148AC7200252FF6 /* ZipArchive.h */ = {isa = PBXFileReference; lastKnownFileType = sourcecode.c.h; name = ZipArchive.h; path = MidJuly_Paged/SSZipArchive/ZipArchive.h; sourceTree = "<group>"; };
		7F39E8EE2148ACC000252FF6 /* crypt.c */ = {isa = PBXFileReference; lastKnownFileType = sourcecode.c.c; name = crypt.c; path = MidJuly_Paged/SSZipArchive/minizip/crypt.c; sourceTree = "<group>"; };
		7F39E8EF2148ACC000252FF6 /* crypt.h */ = {isa = PBXFileReference; lastKnownFileType = sourcecode.c.h; name = crypt.h; path = MidJuly_Paged/SSZipArchive/minizip/crypt.h; sourceTree = "<group>"; };
		7F39E8F02148ACC000252FF6 /* ioapi_buf.c */ = {isa = PBXFileReference; lastKnownFileType = sourcecode.c.c; name = ioapi_buf.c; path = MidJuly_Paged/SSZipArchive/minizip/ioapi_buf.c; sourceTree = "<group>"; };
		7F39E8F12148ACC000252FF6 /* ioapi_buf.h */ = {isa = PBXFileReference; lastKnownFileType = sourcecode.c.h; name = ioapi_buf.h; path = MidJuly_Paged/SSZipArchive/minizip/ioapi_buf.h; sourceTree = "<group>"; };
		7F39E8F22148ACC000252FF6 /* ioapi_mem.c */ = {isa = PBXFileReference; lastKnownFileType = sourcecode.c.c; name = ioapi_mem.c; path = MidJuly_Paged/SSZipArchive/minizip/ioapi_mem.c; sourceTree = "<group>"; };
		7F39E8F32148ACC000252FF6 /* ioapi_mem.h */ = {isa = PBXFileReference; lastKnownFileType = sourcecode.c.h; name = ioapi_mem.h; path = MidJuly_Paged/SSZipArchive/minizip/ioapi_mem.h; sourceTree = "<group>"; };
		7F39E8F42148ACC000252FF6 /* ioapi.c */ = {isa = PBXFileReference; lastKnownFileType = sourcecode.c.c; name = ioapi.c; path = MidJuly_Paged/SSZipArchive/minizip/ioapi.c; sourceTree = "<group>"; };
		7F39E8F52148ACC000252FF6 /* ioapi.h */ = {isa = PBXFileReference; lastKnownFileType = sourcecode.c.h; name = ioapi.h; path = MidJuly_Paged/SSZipArchive/minizip/ioapi.h; sourceTree = "<group>"; };
		7F39E8F62148ACC000252FF6 /* minishared.c */ = {isa = PBXFileReference; lastKnownFileType = sourcecode.c.c; name = minishared.c; path = MidJuly_Paged/SSZipArchive/minizip/minishared.c; sourceTree = "<group>"; };
		7F39E8F72148ACC000252FF6 /* minishared.h */ = {isa = PBXFileReference; lastKnownFileType = sourcecode.c.h; name = minishared.h; path = MidJuly_Paged/SSZipArchive/minizip/minishared.h; sourceTree = "<group>"; };
		7F39E8F82148ACC000252FF6 /* unzip.c */ = {isa = PBXFileReference; lastKnownFileType = sourcecode.c.c; name = unzip.c; path = MidJuly_Paged/SSZipArchive/minizip/unzip.c; sourceTree = "<group>"; };
		7F39E8F92148ACC000252FF6 /* unzip.h */ = {isa = PBXFileReference; lastKnownFileType = sourcecode.c.h; name = unzip.h; path = MidJuly_Paged/SSZipArchive/minizip/unzip.h; sourceTree = "<group>"; };
		7F39E8FA2148ACC000252FF6 /* zip.c */ = {isa = PBXFileReference; lastKnownFileType = sourcecode.c.c; name = zip.c; path = MidJuly_Paged/SSZipArchive/minizip/zip.c; sourceTree = "<group>"; };
		7F39E8FB2148ACC000252FF6 /* zip.h */ = {isa = PBXFileReference; lastKnownFileType = sourcecode.c.h; name = zip.h; path = MidJuly_Paged/SSZipArchive/minizip/zip.h; sourceTree = "<group>"; };
		7F39E90A2148ACE900252FF6 /* aes_ni.c */ = {isa = PBXFileReference; lastKnownFileType = sourcecode.c.c; name = aes_ni.c; path = MidJuly_Paged/SSZipArchive/minizip/aes/aes_ni.c; sourceTree = "<group>"; };
		7F39E90B2148ACE900252FF6 /* aes_ni.h */ = {isa = PBXFileReference; lastKnownFileType = sourcecode.c.h; name = aes_ni.h; path = MidJuly_Paged/SSZipArchive/minizip/aes/aes_ni.h; sourceTree = "<group>"; };
		7F39E90C2148ACE900252FF6 /* aes.h */ = {isa = PBXFileReference; lastKnownFileType = sourcecode.c.h; name = aes.h; path = MidJuly_Paged/SSZipArchive/minizip/aes/aes.h; sourceTree = "<group>"; };
		7F39E90D2148ACE900252FF6 /* aescrypt.c */ = {isa = PBXFileReference; lastKnownFileType = sourcecode.c.c; name = aescrypt.c; path = MidJuly_Paged/SSZipArchive/minizip/aes/aescrypt.c; sourceTree = "<group>"; };
		7F39E90E2148ACE900252FF6 /* aeskey.c */ = {isa = PBXFileReference; lastKnownFileType = sourcecode.c.c; name = aeskey.c; path = MidJuly_Paged/SSZipArchive/minizip/aes/aeskey.c; sourceTree = "<group>"; };
		7F39E90F2148ACE900252FF6 /* aesopt.h */ = {isa = PBXFileReference; lastKnownFileType = sourcecode.c.h; name = aesopt.h; path = MidJuly_Paged/SSZipArchive/minizip/aes/aesopt.h; sourceTree = "<group>"; };
		7F39E9102148ACE900252FF6 /* aestab.c */ = {isa = PBXFileReference; lastKnownFileType = sourcecode.c.c; name = aestab.c; path = MidJuly_Paged/SSZipArchive/minizip/aes/aestab.c; sourceTree = "<group>"; };
		7F39E9112148ACE900252FF6 /* aestab.h */ = {isa = PBXFileReference; lastKnownFileType = sourcecode.c.h; name = aestab.h; path = MidJuly_Paged/SSZipArchive/minizip/aes/aestab.h; sourceTree = "<group>"; };
		7F39E9122148ACE900252FF6 /* brg_endian.h */ = {isa = PBXFileReference; lastKnownFileType = sourcecode.c.h; name = brg_endian.h; path = MidJuly_Paged/SSZipArchive/minizip/aes/brg_endian.h; sourceTree = "<group>"; };
		7F39E9132148ACE900252FF6 /* brg_types.h */ = {isa = PBXFileReference; lastKnownFileType = sourcecode.c.h; name = brg_types.h; path = MidJuly_Paged/SSZipArchive/minizip/aes/brg_types.h; sourceTree = "<group>"; };
		7F39E9142148ACE900252FF6 /* fileenc.c */ = {isa = PBXFileReference; lastKnownFileType = sourcecode.c.c; name = fileenc.c; path = MidJuly_Paged/SSZipArchive/minizip/aes/fileenc.c; sourceTree = "<group>"; };
		7F39E9152148ACE900252FF6 /* fileenc.h */ = {isa = PBXFileReference; lastKnownFileType = sourcecode.c.h; name = fileenc.h; path = MidJuly_Paged/SSZipArchive/minizip/aes/fileenc.h; sourceTree = "<group>"; };
		7F39E9162148ACE900252FF6 /* hmac.c */ = {isa = PBXFileReference; lastKnownFileType = sourcecode.c.c; name = hmac.c; path = MidJuly_Paged/SSZipArchive/minizip/aes/hmac.c; sourceTree = "<group>"; };
		7F39E9172148ACE900252FF6 /* hmac.h */ = {isa = PBXFileReference; lastKnownFileType = sourcecode.c.h; name = hmac.h; path = MidJuly_Paged/SSZipArchive/minizip/aes/hmac.h; sourceTree = "<group>"; };
		7F39E9182148ACE900252FF6 /* prng.c */ = {isa = PBXFileReference; lastKnownFileType = sourcecode.c.c; name = prng.c; path = MidJuly_Paged/SSZipArchive/minizip/aes/prng.c; sourceTree = "<group>"; };
		7F39E9192148ACE900252FF6 /* prng.h */ = {isa = PBXFileReference; lastKnownFileType = sourcecode.c.h; name = prng.h; path = MidJuly_Paged/SSZipArchive/minizip/aes/prng.h; sourceTree = "<group>"; };
		7F39E91A2148ACE900252FF6 /* pwd2key.c */ = {isa = PBXFileReference; lastKnownFileType = sourcecode.c.c; name = pwd2key.c; path = MidJuly_Paged/SSZipArchive/minizip/aes/pwd2key.c; sourceTree = "<group>"; };
		7F39E91B2148ACE900252FF6 /* pwd2key.h */ = {isa = PBXFileReference; lastKnownFileType = sourcecode.c.h; name = pwd2key.h; path = MidJuly_Paged/SSZipArchive/minizip/aes/pwd2key.h; sourceTree = "<group>"; };
		7F39E91C2148ACE900252FF6 /* sha1.c */ = {isa = PBXFileReference; lastKnownFileType = sourcecode.c.c; name = sha1.c; path = MidJuly_Paged/SSZipArchive/minizip/aes/sha1.c; sourceTree = "<group>"; };
		7F39E91D2148ACE900252FF6 /* sha1.h */ = {isa = PBXFileReference; lastKnownFileType = sourcecode.c.h; name = sha1.h; path = MidJuly_Paged/SSZipArchive/minizip/aes/sha1.h; sourceTree = "<group>"; };
		7F61E4532150D73300F0AA29 /* SceneObject.swift */ = {isa = PBXFileReference; fileEncoding = 4; lastKnownFileType = sourcecode.swift; path = SceneObject.swift; sourceTree = "<group>"; };
		7F61E4552150D82300F0AA29 /* Cube.swift */ = {isa = PBXFileReference; fileEncoding = 4; lastKnownFileType = sourcecode.swift; path = Cube.swift; sourceTree = "<group>"; };
		7F61E4572150DDF200F0AA29 /* Scene.swift */ = {isa = PBXFileReference; fileEncoding = 4; lastKnownFileType = sourcecode.swift; name = Scene.swift; path = ../Scene.swift; sourceTree = "<group>"; };
		7F61E4592151132600F0AA29 /* PropertiesTableViewDataSource.swift */ = {isa = PBXFileReference; fileEncoding = 4; lastKnownFileType = sourcecode.swift; path = PropertiesTableViewDataSource.swift; sourceTree = "<group>"; };
		7F61E45B2151664200F0AA29 /* Face.swift */ = {isa = PBXFileReference; fileEncoding = 4; lastKnownFileType = sourcecode.swift; path = Face.swift; sourceTree = "<group>"; };
		7F61E45D215171A800F0AA29 /* Cone.swift */ = {isa = PBXFileReference; fileEncoding = 4; lastKnownFileType = sourcecode.swift; path = Cone.swift; sourceTree = "<group>"; };
		7F61E45F215177A000F0AA29 /* Pyramid.swift */ = {isa = PBXFileReference; fileEncoding = 4; lastKnownFileType = sourcecode.swift; path = Pyramid.swift; sourceTree = "<group>"; };
		7F61E46121517AC800F0AA29 /* Cylinder.swift */ = {isa = PBXFileReference; fileEncoding = 4; lastKnownFileType = sourcecode.swift; path = Cylinder.swift; sourceTree = "<group>"; };
		7F61E46321518E6600F0AA29 /* Demo1.swift */ = {isa = PBXFileReference; fileEncoding = 4; lastKnownFileType = sourcecode.swift; path = Demo1.swift; sourceTree = "<group>"; };
		7F61E465215317A900F0AA29 /* CompoundRoof.swift */ = {isa = PBXFileReference; fileEncoding = 4; lastKnownFileType = sourcecode.swift; path = CompoundRoof.swift; sourceTree = "<group>"; };
		7F68312121001CBC00B8FC8E /* MidJuly_Paged-Bridging-Header.h */ = {isa = PBXFileReference; lastKnownFileType = sourcecode.c.h; path = "MidJuly_Paged-Bridging-Header.h"; sourceTree = "<group>"; };
		7F68312221001CBC00B8FC8E /* Test.m */ = {isa = PBXFileReference; fileEncoding = 4; lastKnownFileType = sourcecode.c.objc; path = Test.m; sourceTree = "<group>"; };
		7F68312421001D5F00B8FC8E /* AppDelegate.h */ = {isa = PBXFileReference; fileEncoding = 4; lastKnownFileType = sourcecode.c.h; path = AppDelegate.h; sourceTree = "<group>"; };
		7F68312521001D5F00B8FC8E /* AppDelegate.m */ = {isa = PBXFileReference; fileEncoding = 4; lastKnownFileType = sourcecode.c.objc; path = AppDelegate.m; sourceTree = "<group>"; };
		7F68312721001D8A00B8FC8E /* MetalView.h */ = {isa = PBXFileReference; fileEncoding = 4; lastKnownFileType = sourcecode.c.h; path = MetalView.h; sourceTree = "<group>"; };
		7F68312821001D8A00B8FC8E /* MetalView.m */ = {isa = PBXFileReference; fileEncoding = 4; lastKnownFileType = sourcecode.c.objc; path = MetalView.m; sourceTree = "<group>"; };
		7F68312A21001DA700B8FC8E /* OBJModel.h */ = {isa = PBXFileReference; fileEncoding = 4; lastKnownFileType = sourcecode.c.h; path = OBJModel.h; sourceTree = "<group>"; };
		7F68312B21001DA700B8FC8E /* OBJModel.mm */ = {isa = PBXFileReference; fileEncoding = 4; lastKnownFileType = sourcecode.cpp.objcpp; path = OBJModel.mm; sourceTree = "<group>"; };
		7F68312C21001DA700B8FC8E /* Renderer.h */ = {isa = PBXFileReference; fileEncoding = 4; lastKnownFileType = sourcecode.c.h; path = Renderer.h; sourceTree = "<group>"; };
		7F68312D21001DA700B8FC8E /* Renderer.m */ = {isa = PBXFileReference; fileEncoding = 4; lastKnownFileType = sourcecode.c.objc; path = Renderer.m; sourceTree = "<group>"; };
		7F68313121001DE400B8FC8E /* Shared.h */ = {isa = PBXFileReference; fileEncoding = 4; lastKnownFileType = sourcecode.c.h; path = Shared.h; sourceTree = "<group>"; };
		7F68313221001DE400B8FC8E /* teapot.obj */ = {isa = PBXFileReference; fileEncoding = 4; lastKnownFileType = text; path = teapot.obj; sourceTree = "<group>"; };
		7F68313321001DE400B8FC8E /* Transforms.h */ = {isa = PBXFileReference; fileEncoding = 4; lastKnownFileType = sourcecode.c.h; path = Transforms.h; sourceTree = "<group>"; };
		7F68313421001DE400B8FC8E /* Transforms.mm */ = {isa = PBXFileReference; fileEncoding = 4; lastKnownFileType = sourcecode.cpp.objcpp; path = Transforms.mm; sourceTree = "<group>"; };
		7F68313521001DE400B8FC8E /* ViewController.h */ = {isa = PBXFileReference; fileEncoding = 4; lastKnownFileType = sourcecode.c.h; path = ViewController.h; sourceTree = "<group>"; };
		7F68313621001DE400B8FC8E /* ViewController.mm */ = {isa = PBXFileReference; fileEncoding = 4; lastKnownFileType = sourcecode.cpp.objcpp; path = ViewController.mm; sourceTree = "<group>"; };
		7F68313B2104038200B8FC8E /* Vertex.swift */ = {isa = PBXFileReference; fileEncoding = 4; lastKnownFileType = sourcecode.swift; path = Vertex.swift; sourceTree = "<group>"; };
		7F8230DB214C0CD900BD262C /* ActionsTableViewDataSource.swift */ = {isa = PBXFileReference; fileEncoding = 4; lastKnownFileType = sourcecode.swift; path = ActionsTableViewDataSource.swift; sourceTree = "<group>"; };
		7F8230DD214C6FEB00BD262C /* Context.swift */ = {isa = PBXFileReference; fileEncoding = 4; lastKnownFileType = sourcecode.swift; path = Context.swift; sourceTree = "<group>"; };
		7FEBAC0420F7C47E00D99284 /* MidJuly_Paged.app */ = {isa = PBXFileReference; explicitFileType = wrapper.application; includeInIndex = 0; path = MidJuly_Paged.app; sourceTree = BUILT_PRODUCTS_DIR; };
		7FEBAC0720F7C47E00D99284 /* AppDelegate.swift */ = {isa = PBXFileReference; lastKnownFileType = sourcecode.swift; path = AppDelegate.swift; sourceTree = "<group>"; };
		7FEBAC0920F7C47E00D99284 /* RootViewController.swift */ = {isa = PBXFileReference; lastKnownFileType = sourcecode.swift; path = RootViewController.swift; sourceTree = "<group>"; };
		7FEBAC0B20F7C47E00D99284 /* DataViewController.swift */ = {isa = PBXFileReference; lastKnownFileType = sourcecode.swift; path = DataViewController.swift; sourceTree = "<group>"; };
		7FEBAC0D20F7C47E00D99284 /* ModelController.swift */ = {isa = PBXFileReference; lastKnownFileType = sourcecode.swift; path = ModelController.swift; sourceTree = "<group>"; };
		7FEBAC1020F7C47E00D99284 /* Base */ = {isa = PBXFileReference; lastKnownFileType = file.storyboard; name = Base; path = Base.lproj/Main.storyboard; sourceTree = "<group>"; };
		7FEBAC1220F7C47E00D99284 /* Assets.xcassets */ = {isa = PBXFileReference; lastKnownFileType = folder.assetcatalog; path = Assets.xcassets; sourceTree = "<group>"; };
		7FEBAC1520F7C47E00D99284 /* Base */ = {isa = PBXFileReference; lastKnownFileType = file.storyboard; name = Base; path = Base.lproj/LaunchScreen.storyboard; sourceTree = "<group>"; };
		7FEBAC1720F7C47E00D99284 /* Info.plist */ = {isa = PBXFileReference; lastKnownFileType = text.plist.xml; path = Info.plist; sourceTree = "<group>"; };
		7FEBAC1C20F7C47F00D99284 /* MidJuly_PagedTests.xctest */ = {isa = PBXFileReference; explicitFileType = wrapper.cfbundle; includeInIndex = 0; path = MidJuly_PagedTests.xctest; sourceTree = BUILT_PRODUCTS_DIR; };
		7FEBAC2020F7C47F00D99284 /* MidJuly_PagedTests.swift */ = {isa = PBXFileReference; lastKnownFileType = sourcecode.swift; path = MidJuly_PagedTests.swift; sourceTree = "<group>"; };
		7FEBAC2220F7C47F00D99284 /* Info.plist */ = {isa = PBXFileReference; lastKnownFileType = text.plist.xml; path = Info.plist; sourceTree = "<group>"; };
		7FEBAC2720F7C47F00D99284 /* MidJuly_PagedUITests.xctest */ = {isa = PBXFileReference; explicitFileType = wrapper.cfbundle; includeInIndex = 0; path = MidJuly_PagedUITests.xctest; sourceTree = BUILT_PRODUCTS_DIR; };
		7FEBAC2B20F7C47F00D99284 /* MidJuly_PagedUITests.swift */ = {isa = PBXFileReference; lastKnownFileType = sourcecode.swift; path = MidJuly_PagedUITests.swift; sourceTree = "<group>"; };
		7FEBAC2D20F7C47F00D99284 /* Info.plist */ = {isa = PBXFileReference; lastKnownFileType = text.plist.xml; path = Info.plist; sourceTree = "<group>"; };
		7FEBAC3920F7CD2B00D99284 /* TopBlueprintViewController.swift */ = {isa = PBXFileReference; fileEncoding = 4; lastKnownFileType = sourcecode.swift; path = TopBlueprintViewController.swift; sourceTree = "<group>"; };
		7FEBAC3F20F7F49300D99284 /* Node.swift */ = {isa = PBXFileReference; fileEncoding = 4; lastKnownFileType = sourcecode.swift; path = Node.swift; sourceTree = "<group>"; };
		7FEBAC4120F7F4B700D99284 /* Matrix4.swift */ = {isa = PBXFileReference; fileEncoding = 4; lastKnownFileType = sourcecode.swift; path = Matrix4.swift; sourceTree = "<group>"; };
		7FEBAC4320F7F67D00D99284 /* Shaders.metal */ = {isa = PBXFileReference; fileEncoding = 4; lastKnownFileType = sourcecode.metal; path = Shaders.metal; sourceTree = "<group>"; };
		7FEBAC4520F7FE9300D99284 /* Line.swift */ = {isa = PBXFileReference; fileEncoding = 4; lastKnownFileType = sourcecode.swift; path = Line.swift; sourceTree = "<group>"; };
		7FEBAC4720F9747200D99284 /* Shaders2D.metal */ = {isa = PBXFileReference; fileEncoding = 4; lastKnownFileType = sourcecode.metal; path = Shaders2D.metal; sourceTree = "<group>"; };
		7FEBAC4920F9793000D99284 /* Triangle.swift */ = {isa = PBXFileReference; fileEncoding = 4; lastKnownFileType = sourcecode.swift; path = Triangle.swift; sourceTree = "<group>"; };
		7FEBAC4B20F979F300D99284 /* Node2D.swift */ = {isa = PBXFileReference; fileEncoding = 4; lastKnownFileType = sourcecode.swift; path = Node2D.swift; sourceTree = "<group>"; };
		7FEEBC6D2148A9FC00023376 /* SSZipArchive */ = {isa = PBXFileReference; lastKnownFileType = folder; path = SSZipArchive; sourceTree = "<group>"; };
		7FEEBC702148AA8B00023376 /* libz.1.2.8.tbd */ = {isa = PBXFileReference; lastKnownFileType = "sourcecode.text-based-dylib-definition"; name = libz.1.2.8.tbd; path = usr/lib/libz.1.2.8.tbd; sourceTree = SDKROOT; };
/* End PBXFileReference section */

/* Begin PBXFrameworksBuildPhase section */
		7FEBAC0120F7C47E00D99284 /* Frameworks */ = {
			isa = PBXFrameworksBuildPhase;
			buildActionMask = 2147483647;
			files = (
				7FEEBC712148AA8B00023376 /* libz.1.2.8.tbd in Frameworks */,
			);
			runOnlyForDeploymentPostprocessing = 0;
		};
		7FEBAC1920F7C47F00D99284 /* Frameworks */ = {
			isa = PBXFrameworksBuildPhase;
			buildActionMask = 2147483647;
			files = (
			);
			runOnlyForDeploymentPostprocessing = 0;
		};
		7FEBAC2420F7C47F00D99284 /* Frameworks */ = {
			isa = PBXFrameworksBuildPhase;
			buildActionMask = 2147483647;
			files = (
			);
			runOnlyForDeploymentPostprocessing = 0;
		};
/* End PBXFrameworksBuildPhase section */

/* Begin PBXGroup section */
		7FEBABFB20F7C47E00D99284 = {
			isa = PBXGroup;
			children = (
				7F39E90A2148ACE900252FF6 /* aes_ni.c */,
				7F39E90B2148ACE900252FF6 /* aes_ni.h */,
				7F39E90C2148ACE900252FF6 /* aes.h */,
				7F39E90D2148ACE900252FF6 /* aescrypt.c */,
				7F39E90E2148ACE900252FF6 /* aeskey.c */,
				7F39E90F2148ACE900252FF6 /* aesopt.h */,
				7F39E9102148ACE900252FF6 /* aestab.c */,
				7F39E9112148ACE900252FF6 /* aestab.h */,
				7F39E9122148ACE900252FF6 /* brg_endian.h */,
				7F39E9132148ACE900252FF6 /* brg_types.h */,
				7F39E9142148ACE900252FF6 /* fileenc.c */,
				7F39E9152148ACE900252FF6 /* fileenc.h */,
				7F39E9162148ACE900252FF6 /* hmac.c */,
				7F39E9172148ACE900252FF6 /* hmac.h */,
				7F39E9182148ACE900252FF6 /* prng.c */,
				7F39E9192148ACE900252FF6 /* prng.h */,
				7F39E91A2148ACE900252FF6 /* pwd2key.c */,
				7F39E91B2148ACE900252FF6 /* pwd2key.h */,
				7F39E91C2148ACE900252FF6 /* sha1.c */,
				7F39E91D2148ACE900252FF6 /* sha1.h */,
				7F39E8EE2148ACC000252FF6 /* crypt.c */,
				7F39E8EF2148ACC000252FF6 /* crypt.h */,
				7F39E8F02148ACC000252FF6 /* ioapi_buf.c */,
				7F39E8F12148ACC000252FF6 /* ioapi_buf.h */,
				7F39E8F22148ACC000252FF6 /* ioapi_mem.c */,
				7F39E8F32148ACC000252FF6 /* ioapi_mem.h */,
				7F39E8F42148ACC000252FF6 /* ioapi.c */,
				7F39E8F52148ACC000252FF6 /* ioapi.h */,
				7F39E8F62148ACC000252FF6 /* minishared.c */,
				7F39E8F72148ACC000252FF6 /* minishared.h */,
				7F39E8F82148ACC000252FF6 /* unzip.c */,
				7F39E8F92148ACC000252FF6 /* unzip.h */,
				7F39E8FA2148ACC000252FF6 /* zip.c */,
				7F39E8FB2148ACC000252FF6 /* zip.h */,
				7F39E8E62148AC7200252FF6 /* SSZipArchive.h */,
				7F39E8E72148AC7200252FF6 /* SSZipArchive.m */,
				7F39E8E82148AC7200252FF6 /* SSZipCommon.h */,
				7F39E8E92148AC7200252FF6 /* ZipArchive.h */,
				7FEBAC0620F7C47E00D99284 /* MidJuly_Paged */,
				7FEBAC1F20F7C47F00D99284 /* MidJuly_PagedTests */,
				7FEBAC2A20F7C47F00D99284 /* MidJuly_PagedUITests */,
				7FEBAC0520F7C47E00D99284 /* Products */,
				7FEEBC6F2148AA8A00023376 /* Frameworks */,
			);
			sourceTree = "<group>";
		};
		7FEBAC0520F7C47E00D99284 /* Products */ = {
			isa = PBXGroup;
			children = (
				7FEBAC0420F7C47E00D99284 /* MidJuly_Paged.app */,
				7FEBAC1C20F7C47F00D99284 /* MidJuly_PagedTests.xctest */,
				7FEBAC2720F7C47F00D99284 /* MidJuly_PagedUITests.xctest */,
			);
			name = Products;
			sourceTree = "<group>";
		};
		7FEBAC0620F7C47E00D99284 /* MidJuly_Paged */ = {
			isa = PBXGroup;
			children = (
				7FEEBC6D2148A9FC00023376 /* SSZipArchive */,
				7FEBAC0720F7C47E00D99284 /* AppDelegate.swift */,
				7FEBAC0920F7C47E00D99284 /* RootViewController.swift */,
				7F21383C215A147900553605 /* Import.swift */,
				7F2583AD214CB71600B332AC /* Export.swift */,
				7F61E46321518E6600F0AA29 /* Demo1.swift */,
				7F61E465215317A900F0AA29 /* CompoundRoof.swift */,
				7FEBAC0B20F7C47E00D99284 /* DataViewController.swift */,
				7F8230DD214C6FEB00BD262C /* Context.swift */,
				7F8230DB214C0CD900BD262C /* ActionsTableViewDataSource.swift */,
				7F61E4592151132600F0AA29 /* PropertiesTableViewDataSource.swift */,
				7F68313B2104038200B8FC8E /* Vertex.swift */,
				7F68312221001CBC00B8FC8E /* Test.m */,
				7FEBAC4920F9793000D99284 /* Triangle.swift */,
				7FEBAC4B20F979F300D99284 /* Node2D.swift */,
				7FEBAC4320F7F67D00D99284 /* Shaders.metal */,
				7FEBAC0D20F7C47E00D99284 /* ModelController.swift */,
				7FEBAC4520F7FE9300D99284 /* Line.swift */,
				7FEBAC4720F9747200D99284 /* Shaders2D.metal */,
				7FEBAC3F20F7F49300D99284 /* Node.swift */,
				7FEBAC4120F7F4B700D99284 /* Matrix4.swift */,
				7FEBAC3920F7CD2B00D99284 /* TopBlueprintViewController.swift */,
				7FEBAC0F20F7C47E00D99284 /* Main.storyboard */,
				7FEBAC1220F7C47E00D99284 /* Assets.xcassets */,
				7FEBAC1420F7C47E00D99284 /* LaunchScreen.storyboard */,
				7FEBAC1720F7C47E00D99284 /* Info.plist */,
				7F68312121001CBC00B8FC8E /* MidJuly_Paged-Bridging-Header.h */,
				7F68313121001DE400B8FC8E /* Shared.h */,
				7F68313221001DE400B8FC8E /* teapot.obj */,
				7F68313321001DE400B8FC8E /* Transforms.h */,
				7F68313421001DE400B8FC8E /* Transforms.mm */,
				7F68313521001DE400B8FC8E /* ViewController.h */,
				7F68313621001DE400B8FC8E /* ViewController.mm */,
				7F61E45B2151664200F0AA29 /* Face.swift */,
				7F61E4572150DDF200F0AA29 /* Scene.swift */,
				7F61E4532150D73300F0AA29 /* SceneObject.swift */,
				7F61E4552150D82300F0AA29 /* Cube.swift */,
				7F61E45D215171A800F0AA29 /* Cone.swift */,
				7F61E45F215177A000F0AA29 /* Pyramid.swift */,
				7F61E46121517AC800F0AA29 /* Cylinder.swift */,
				7F68312A21001DA700B8FC8E /* OBJModel.h */,
				7F68312B21001DA700B8FC8E /* OBJModel.mm */,
				7F68312C21001DA700B8FC8E /* Renderer.h */,
				7F68312D21001DA700B8FC8E /* Renderer.m */,
				7F68312721001D8A00B8FC8E /* MetalView.h */,
				7F68312821001D8A00B8FC8E /* MetalView.m */,
				7F68312421001D5F00B8FC8E /* AppDelegate.h */,
				7F68312521001D5F00B8FC8E /* AppDelegate.m */,
			);
			path = MidJuly_Paged;
			sourceTree = "<group>";
		};
		7FEBAC1F20F7C47F00D99284 /* MidJuly_PagedTests */ = {
			isa = PBXGroup;
			children = (
				7FEBAC2020F7C47F00D99284 /* MidJuly_PagedTests.swift */,
				7FEBAC2220F7C47F00D99284 /* Info.plist */,
			);
			path = MidJuly_PagedTests;
			sourceTree = "<group>";
		};
		7FEBAC2A20F7C47F00D99284 /* MidJuly_PagedUITests */ = {
			isa = PBXGroup;
			children = (
				7FEBAC2B20F7C47F00D99284 /* MidJuly_PagedUITests.swift */,
				7FEBAC2D20F7C47F00D99284 /* Info.plist */,
			);
			path = MidJuly_PagedUITests;
			sourceTree = "<group>";
		};
		7FEEBC6F2148AA8A00023376 /* Frameworks */ = {
			isa = PBXGroup;
			children = (
				7FEEBC702148AA8B00023376 /* libz.1.2.8.tbd */,
			);
			name = Frameworks;
			sourceTree = "<group>";
		};
/* End PBXGroup section */

/* Begin PBXNativeTarget section */
		7FEBAC0320F7C47E00D99284 /* MidJuly_Paged */ = {
			isa = PBXNativeTarget;
			buildConfigurationList = 7FEBAC3020F7C47F00D99284 /* Build configuration list for PBXNativeTarget "MidJuly_Paged" */;
			buildPhases = (
				7FEBAC0020F7C47E00D99284 /* Sources */,
				7FEBAC0120F7C47E00D99284 /* Frameworks */,
				7FEBAC0220F7C47E00D99284 /* Resources */,
			);
			buildRules = (
			);
			dependencies = (
			);
			name = MidJuly_Paged;
			productName = MidJuly_Paged;
			productReference = 7FEBAC0420F7C47E00D99284 /* MidJuly_Paged.app */;
			productType = "com.apple.product-type.application";
		};
		7FEBAC1B20F7C47F00D99284 /* MidJuly_PagedTests */ = {
			isa = PBXNativeTarget;
			buildConfigurationList = 7FEBAC3320F7C47F00D99284 /* Build configuration list for PBXNativeTarget "MidJuly_PagedTests" */;
			buildPhases = (
				7FEBAC1820F7C47F00D99284 /* Sources */,
				7FEBAC1920F7C47F00D99284 /* Frameworks */,
				7FEBAC1A20F7C47F00D99284 /* Resources */,
			);
			buildRules = (
			);
			dependencies = (
				7FEBAC1E20F7C47F00D99284 /* PBXTargetDependency */,
			);
			name = MidJuly_PagedTests;
			productName = MidJuly_PagedTests;
			productReference = 7FEBAC1C20F7C47F00D99284 /* MidJuly_PagedTests.xctest */;
			productType = "com.apple.product-type.bundle.unit-test";
		};
		7FEBAC2620F7C47F00D99284 /* MidJuly_PagedUITests */ = {
			isa = PBXNativeTarget;
			buildConfigurationList = 7FEBAC3620F7C47F00D99284 /* Build configuration list for PBXNativeTarget "MidJuly_PagedUITests" */;
			buildPhases = (
				7FEBAC2320F7C47F00D99284 /* Sources */,
				7FEBAC2420F7C47F00D99284 /* Frameworks */,
				7FEBAC2520F7C47F00D99284 /* Resources */,
			);
			buildRules = (
			);
			dependencies = (
				7FEBAC2920F7C47F00D99284 /* PBXTargetDependency */,
			);
			name = MidJuly_PagedUITests;
			productName = MidJuly_PagedUITests;
			productReference = 7FEBAC2720F7C47F00D99284 /* MidJuly_PagedUITests.xctest */;
			productType = "com.apple.product-type.bundle.ui-testing";
		};
/* End PBXNativeTarget section */

/* Begin PBXProject section */
		7FEBABFC20F7C47E00D99284 /* Project object */ = {
			isa = PBXProject;
			attributes = {
				LastSwiftUpdateCheck = 0820;
				LastUpgradeCheck = 0820;
				ORGANIZATIONNAME = "для интернета";
				TargetAttributes = {
					7FEBAC0320F7C47E00D99284 = {
						CreatedOnToolsVersion = 8.2.1;
						DevelopmentTeam = 4GZ5T9GPNN;
						LastSwiftMigration = 0820;
						ProvisioningStyle = Automatic;
					};
					7FEBAC1B20F7C47F00D99284 = {
						CreatedOnToolsVersion = 8.2.1;
						DevelopmentTeam = 4GZ5T9GPNN;
						ProvisioningStyle = Automatic;
						TestTargetID = 7FEBAC0320F7C47E00D99284;
					};
					7FEBAC2620F7C47F00D99284 = {
						CreatedOnToolsVersion = 8.2.1;
						DevelopmentTeam = 4GZ5T9GPNN;
						ProvisioningStyle = Automatic;
						TestTargetID = 7FEBAC0320F7C47E00D99284;
					};
				};
			};
			buildConfigurationList = 7FEBABFF20F7C47E00D99284 /* Build configuration list for PBXProject "MidJuly_Paged" */;
			compatibilityVersion = "Xcode 3.2";
			developmentRegion = English;
			hasScannedForEncodings = 0;
			knownRegions = (
				en,
				Base,
			);
			mainGroup = 7FEBABFB20F7C47E00D99284;
			productRefGroup = 7FEBAC0520F7C47E00D99284 /* Products */;
			projectDirPath = "";
			projectRoot = "";
			targets = (
				7FEBAC0320F7C47E00D99284 /* MidJuly_Paged */,
				7FEBAC1B20F7C47F00D99284 /* MidJuly_PagedTests */,
				7FEBAC2620F7C47F00D99284 /* MidJuly_PagedUITests */,
			);
		};
/* End PBXProject section */

/* Begin PBXResourcesBuildPhase section */
		7FEBAC0220F7C47E00D99284 /* Resources */ = {
			isa = PBXResourcesBuildPhase;
			buildActionMask = 2147483647;
			files = (
				7F68313821001DE400B8FC8E /* teapot.obj in Resources */,
				7FEBAC1620F7C47E00D99284 /* LaunchScreen.storyboard in Resources */,
				7FEEBC6E2148A9FC00023376 /* SSZipArchive in Resources */,
				7FEBAC1320F7C47E00D99284 /* Assets.xcassets in Resources */,
				7FEBAC1120F7C47E00D99284 /* Main.storyboard in Resources */,
			);
			runOnlyForDeploymentPostprocessing = 0;
		};
		7FEBAC1A20F7C47F00D99284 /* Resources */ = {
			isa = PBXResourcesBuildPhase;
			buildActionMask = 2147483647;
			files = (
			);
			runOnlyForDeploymentPostprocessing = 0;
		};
		7FEBAC2520F7C47F00D99284 /* Resources */ = {
			isa = PBXResourcesBuildPhase;
			buildActionMask = 2147483647;
			files = (
			);
			runOnlyForDeploymentPostprocessing = 0;
		};
/* End PBXResourcesBuildPhase section */

/* Begin PBXSourcesBuildPhase section */
		7FEBAC0020F7C47E00D99284 /* Sources */ = {
			isa = PBXSourcesBuildPhase;
			buildActionMask = 2147483647;
			files = (
				7F39E91E2148ACE900252FF6 /* aes_ni.c in Sources */,
				7F39E91F2148ACE900252FF6 /* aes_ni.h in Sources */,
				7F39E9202148ACE900252FF6 /* aes.h in Sources */,
				7F39E9212148ACE900252FF6 /* aescrypt.c in Sources */,
				7F39E9222148ACE900252FF6 /* aeskey.c in Sources */,
				7F39E9232148ACE900252FF6 /* aesopt.h in Sources */,
				7F61E466215317A900F0AA29 /* CompoundRoof.swift in Sources */,
				7F39E9242148ACE900252FF6 /* aestab.c in Sources */,
				7F39E9252148ACE900252FF6 /* aestab.h in Sources */,
				7F39E9262148ACE900252FF6 /* brg_endian.h in Sources */,
				7F39E9272148ACE900252FF6 /* brg_types.h in Sources */,
				7F61E45C2151664200F0AA29 /* Face.swift in Sources */,
				7F39E9282148ACE900252FF6 /* fileenc.c in Sources */,
				7F39E9292148ACE900252FF6 /* fileenc.h in Sources */,
				7F39E92A2148ACE900252FF6 /* hmac.c in Sources */,
				7F39E92B2148ACE900252FF6 /* hmac.h in Sources */,
				7F39E92C2148ACE900252FF6 /* prng.c in Sources */,
				7F2583AE214CB71600B332AC /* Export.swift in Sources */,
				7F21383D215A147900553605 /* Import.swift in Sources */,
				7F39E92D2148ACE900252FF6 /* prng.h in Sources */,
				7F39E92E2148ACE900252FF6 /* pwd2key.c in Sources */,
				7F39E92F2148ACE900252FF6 /* pwd2key.h in Sources */,
				7F39E9302148ACE900252FF6 /* sha1.c in Sources */,
				7F61E4582150DDF200F0AA29 /* Scene.swift in Sources */,
				7F39E9312148ACE900252FF6 /* sha1.h in Sources */,
				7F61E45E215171A800F0AA29 /* Cone.swift in Sources */,
				7F39E8FC2148ACC000252FF6 /* crypt.c in Sources */,
				7F61E46221517AC800F0AA29 /* Cylinder.swift in Sources */,
				7F39E8FD2148ACC000252FF6 /* crypt.h in Sources */,
				7F39E8FE2148ACC000252FF6 /* ioapi_buf.c in Sources */,
				7F39E8FF2148ACC000252FF6 /* ioapi_buf.h in Sources */,
				7F39E9002148ACC000252FF6 /* ioapi_mem.c in Sources */,
				7F39E9012148ACC000252FF6 /* ioapi_mem.h in Sources */,
				7F39E9022148ACC000252FF6 /* ioapi.c in Sources */,
				7F39E9032148ACC000252FF6 /* ioapi.h in Sources */,
				7F39E9042148ACC000252FF6 /* minishared.c in Sources */,
				7F39E9052148ACC000252FF6 /* minishared.h in Sources */,
				7F61E460215177A000F0AA29 /* Pyramid.swift in Sources */,
				7F39E9062148ACC000252FF6 /* unzip.c in Sources */,
				7F39E9072148ACC000252FF6 /* unzip.h in Sources */,
				7F8230DC214C0CD900BD262C /* ActionsTableViewDataSource.swift in Sources */,
				7F39E9082148ACC000252FF6 /* zip.c in Sources */,
				7F61E4562150D82300F0AA29 /* Cube.swift in Sources */,
				7F39E9092148ACC000252FF6 /* zip.h in Sources */,
				7F39E8EA2148AC7200252FF6 /* SSZipArchive.h in Sources */,
				7F39E8EB2148AC7200252FF6 /* SSZipArchive.m in Sources */,
				7F39E8EC2148AC7200252FF6 /* SSZipCommon.h in Sources */,
				7F39E8ED2148AC7200252FF6 /* ZipArchive.h in Sources */,
				7FEBAC0A20F7C47E00D99284 /* RootViewController.swift in Sources */,
				7FEBAC4A20F9793000D99284 /* Triangle.swift in Sources */,
				7F68312F21001DA700B8FC8E /* Renderer.m in Sources */,
				7FEBAC0E20F7C47E00D99284 /* ModelController.swift in Sources */,
				7F61E46421518E6600F0AA29 /* Demo1.swift in Sources */,
				7F68313C2104038200B8FC8E /* Vertex.swift in Sources */,
				7F68312E21001DA700B8FC8E /* OBJModel.mm in Sources */,
				7F68312921001D8A00B8FC8E /* MetalView.m in Sources */,
				7F61E4542150D73300F0AA29 /* SceneObject.swift in Sources */,
				7FEBAC4020F7F49300D99284 /* Node.swift in Sources */,
				7F68313921001DE400B8FC8E /* Transforms.mm in Sources */,
				7FEBAC4820F9747200D99284 /* Shaders2D.metal in Sources */,
				7F68313A21001DE400B8FC8E /* ViewController.mm in Sources */,
				7FEBAC4420F7F67D00D99284 /* Shaders.metal in Sources */,
				7F61E45A2151132600F0AA29 /* PropertiesTableViewDataSource.swift in Sources */,
				7FEBAC3A20F7CD2B00D99284 /* TopBlueprintViewController.swift in Sources */,
				7FEBAC0C20F7C47E00D99284 /* DataViewController.swift in Sources */,
				7FEBAC0820F7C47E00D99284 /* AppDelegate.swift in Sources */,
				7FEBAC4C20F979F300D99284 /* Node2D.swift in Sources */,
				7F68312321001CBC00B8FC8E /* Test.m in Sources */,
				7FEBAC4620F7FE9300D99284 /* Line.swift in Sources */,
				7FEBAC4220F7F4B700D99284 /* Matrix4.swift in Sources */,
				7F68312621001D5F00B8FC8E /* AppDelegate.m in Sources */,
				7F8230DE214C6FEB00BD262C /* Context.swift in Sources */,
			);
			runOnlyForDeploymentPostprocessing = 0;
		};
		7FEBAC1820F7C47F00D99284 /* Sources */ = {
			isa = PBXSourcesBuildPhase;
			buildActionMask = 2147483647;
			files = (
				7FEBAC2120F7C47F00D99284 /* MidJuly_PagedTests.swift in Sources */,
			);
			runOnlyForDeploymentPostprocessing = 0;
		};
		7FEBAC2320F7C47F00D99284 /* Sources */ = {
			isa = PBXSourcesBuildPhase;
			buildActionMask = 2147483647;
			files = (
				7FEBAC2C20F7C47F00D99284 /* MidJuly_PagedUITests.swift in Sources */,
			);
			runOnlyForDeploymentPostprocessing = 0;
		};
/* End PBXSourcesBuildPhase section */

/* Begin PBXTargetDependency section */
		7FEBAC1E20F7C47F00D99284 /* PBXTargetDependency */ = {
			isa = PBXTargetDependency;
			target = 7FEBAC0320F7C47E00D99284 /* MidJuly_Paged */;
			targetProxy = 7FEBAC1D20F7C47F00D99284 /* PBXContainerItemProxy */;
		};
		7FEBAC2920F7C47F00D99284 /* PBXTargetDependency */ = {
			isa = PBXTargetDependency;
			target = 7FEBAC0320F7C47E00D99284 /* MidJuly_Paged */;
			targetProxy = 7FEBAC2820F7C47F00D99284 /* PBXContainerItemProxy */;
		};
/* End PBXTargetDependency section */

/* Begin PBXVariantGroup section */
		7FEBAC0F20F7C47E00D99284 /* Main.storyboard */ = {
			isa = PBXVariantGroup;
			children = (
				7FEBAC1020F7C47E00D99284 /* Base */,
			);
			name = Main.storyboard;
			sourceTree = "<group>";
		};
		7FEBAC1420F7C47E00D99284 /* LaunchScreen.storyboard */ = {
			isa = PBXVariantGroup;
			children = (
				7FEBAC1520F7C47E00D99284 /* Base */,
			);
			name = LaunchScreen.storyboard;
			sourceTree = "<group>";
		};
/* End PBXVariantGroup section */

/* Begin XCBuildConfiguration section */
		7FEBAC2E20F7C47F00D99284 /* Debug */ = {
			isa = XCBuildConfiguration;
			buildSettings = {
				ALWAYS_SEARCH_USER_PATHS = NO;
				CLANG_ANALYZER_NONNULL = YES;
				CLANG_CXX_LANGUAGE_STANDARD = "gnu++0x";
				CLANG_CXX_LIBRARY = "libc++";
				CLANG_ENABLE_MODULES = YES;
				CLANG_ENABLE_OBJC_ARC = YES;
				CLANG_WARN_BOOL_CONVERSION = YES;
				CLANG_WARN_CONSTANT_CONVERSION = YES;
				CLANG_WARN_DIRECT_OBJC_ISA_USAGE = YES_ERROR;
				CLANG_WARN_DOCUMENTATION_COMMENTS = YES;
				CLANG_WARN_EMPTY_BODY = YES;
				CLANG_WARN_ENUM_CONVERSION = YES;
				CLANG_WARN_INFINITE_RECURSION = YES;
				CLANG_WARN_INT_CONVERSION = YES;
				CLANG_WARN_OBJC_ROOT_CLASS = YES_ERROR;
				CLANG_WARN_SUSPICIOUS_MOVE = YES;
				CLANG_WARN_UNREACHABLE_CODE = YES;
				CLANG_WARN__DUPLICATE_METHOD_MATCH = YES;
				"CODE_SIGN_IDENTITY[sdk=iphoneos*]" = "iPhone Developer";
				COPY_PHASE_STRIP = NO;
				DEBUG_INFORMATION_FORMAT = dwarf;
				ENABLE_STRICT_OBJC_MSGSEND = YES;
				ENABLE_TESTABILITY = YES;
				GCC_C_LANGUAGE_STANDARD = gnu99;
				GCC_DYNAMIC_NO_PIC = NO;
				GCC_NO_COMMON_BLOCKS = YES;
				GCC_OPTIMIZATION_LEVEL = 0;
				GCC_PREPROCESSOR_DEFINITIONS = (
					"DEBUG=1",
					"$(inherited)",
				);
				GCC_WARN_64_TO_32_BIT_CONVERSION = YES;
				GCC_WARN_ABOUT_RETURN_TYPE = YES_ERROR;
				GCC_WARN_UNDECLARED_SELECTOR = YES;
				GCC_WARN_UNINITIALIZED_AUTOS = YES_AGGRESSIVE;
				GCC_WARN_UNUSED_FUNCTION = YES;
				GCC_WARN_UNUSED_VARIABLE = YES;
				IPHONEOS_DEPLOYMENT_TARGET = 10.2;
				MTL_ENABLE_DEBUG_INFO = YES;
				ONLY_ACTIVE_ARCH = YES;
				SDKROOT = iphoneos;
				SWIFT_ACTIVE_COMPILATION_CONDITIONS = DEBUG;
				SWIFT_OPTIMIZATION_LEVEL = "-Onone";
				TARGETED_DEVICE_FAMILY = "1,2";
			};
			name = Debug;
		};
		7FEBAC2F20F7C47F00D99284 /* Release */ = {
			isa = XCBuildConfiguration;
			buildSettings = {
				ALWAYS_SEARCH_USER_PATHS = NO;
				CLANG_ANALYZER_NONNULL = YES;
				CLANG_CXX_LANGUAGE_STANDARD = "gnu++0x";
				CLANG_CXX_LIBRARY = "libc++";
				CLANG_ENABLE_MODULES = YES;
				CLANG_ENABLE_OBJC_ARC = YES;
				CLANG_WARN_BOOL_CONVERSION = YES;
				CLANG_WARN_CONSTANT_CONVERSION = YES;
				CLANG_WARN_DIRECT_OBJC_ISA_USAGE = YES_ERROR;
				CLANG_WARN_DOCUMENTATION_COMMENTS = YES;
				CLANG_WARN_EMPTY_BODY = YES;
				CLANG_WARN_ENUM_CONVERSION = YES;
				CLANG_WARN_INFINITE_RECURSION = YES;
				CLANG_WARN_INT_CONVERSION = YES;
				CLANG_WARN_OBJC_ROOT_CLASS = YES_ERROR;
				CLANG_WARN_SUSPICIOUS_MOVE = YES;
				CLANG_WARN_UNREACHABLE_CODE = YES;
				CLANG_WARN__DUPLICATE_METHOD_MATCH = YES;
				"CODE_SIGN_IDENTITY[sdk=iphoneos*]" = "iPhone Developer";
				COPY_PHASE_STRIP = NO;
				DEBUG_INFORMATION_FORMAT = "dwarf-with-dsym";
				ENABLE_NS_ASSERTIONS = NO;
				ENABLE_STRICT_OBJC_MSGSEND = YES;
				GCC_C_LANGUAGE_STANDARD = gnu99;
				GCC_NO_COMMON_BLOCKS = YES;
				GCC_WARN_64_TO_32_BIT_CONVERSION = YES;
				GCC_WARN_ABOUT_RETURN_TYPE = YES_ERROR;
				GCC_WARN_UNDECLARED_SELECTOR = YES;
				GCC_WARN_UNINITIALIZED_AUTOS = YES_AGGRESSIVE;
				GCC_WARN_UNUSED_FUNCTION = YES;
				GCC_WARN_UNUSED_VARIABLE = YES;
				IPHONEOS_DEPLOYMENT_TARGET = 10.2;
				MTL_ENABLE_DEBUG_INFO = NO;
				SDKROOT = iphoneos;
				SWIFT_OPTIMIZATION_LEVEL = "-Owholemodule";
				TARGETED_DEVICE_FAMILY = "1,2";
				VALIDATE_PRODUCT = YES;
			};
			name = Release;
		};
		7FEBAC3120F7C47F00D99284 /* Debug */ = {
			isa = XCBuildConfiguration;
			buildSettings = {
				ASSETCATALOG_COMPILER_APPICON_NAME = AppIcon;
				CLANG_ENABLE_MODULES = YES;
				DEFINES_MODULE = YES;
				DEVELOPMENT_TEAM = 4GZ5T9GPNN;
				GCC_SYMBOLS_PRIVATE_EXTERN = YES;
				INFOPLIST_FILE = MidJuly_Paged/Info.plist;
				LD_RUNPATH_SEARCH_PATHS = "$(inherited) @executable_path/Frameworks";
				ONLY_ACTIVE_ARCH = YES;
				PRODUCT_BUNDLE_IDENTIFIER = "testorg.MidJuly-Paged";
				PRODUCT_NAME = "$(TARGET_NAME)";
				SWIFT_OBJC_BRIDGING_HEADER = "MidJuly_Paged/MidJuly_Paged-Bridging-Header.h";
				SWIFT_OPTIMIZATION_LEVEL = "-Onone";
				SWIFT_VERSION = 3.0;
			};
			name = Debug;
		};
		7FEBAC3220F7C47F00D99284 /* Release */ = {
			isa = XCBuildConfiguration;
			buildSettings = {
				ASSETCATALOG_COMPILER_APPICON_NAME = AppIcon;
				CLANG_ENABLE_MODULES = YES;
				DEFINES_MODULE = YES;
				DEVELOPMENT_TEAM = 4GZ5T9GPNN;
				GCC_SYMBOLS_PRIVATE_EXTERN = YES;
				INFOPLIST_FILE = MidJuly_Paged/Info.plist;
				LD_RUNPATH_SEARCH_PATHS = "$(inherited) @executable_path/Frameworks";
				ONLY_ACTIVE_ARCH = NO;
				PRODUCT_BUNDLE_IDENTIFIER = "testorg.MidJuly-Paged";
				PRODUCT_NAME = "$(TARGET_NAME)";
				SWIFT_OBJC_BRIDGING_HEADER = "MidJuly_Paged/MidJuly_Paged-Bridging-Header.h";
				SWIFT_VERSION = 3.0;
			};
			name = Release;
		};
		7FEBAC3420F7C47F00D99284 /* Debug */ = {
			isa = XCBuildConfiguration;
			buildSettings = {
				ALWAYS_EMBED_SWIFT_STANDARD_LIBRARIES = YES;
				BUNDLE_LOADER = "$(TEST_HOST)";
				DEVELOPMENT_TEAM = 4GZ5T9GPNN;
				INFOPLIST_FILE = MidJuly_PagedTests/Info.plist;
				LD_RUNPATH_SEARCH_PATHS = "$(inherited) @executable_path/Frameworks @loader_path/Frameworks";
				PRODUCT_BUNDLE_IDENTIFIER = "testorg.MidJuly-PagedTests";
				PRODUCT_NAME = "$(TARGET_NAME)";
				SWIFT_VERSION = 3.0;
				TEST_HOST = "$(BUILT_PRODUCTS_DIR)/MidJuly_Paged.app/MidJuly_Paged";
			};
			name = Debug;
		};
		7FEBAC3520F7C47F00D99284 /* Release */ = {
			isa = XCBuildConfiguration;
			buildSettings = {
				ALWAYS_EMBED_SWIFT_STANDARD_LIBRARIES = YES;
				BUNDLE_LOADER = "$(TEST_HOST)";
				DEVELOPMENT_TEAM = 4GZ5T9GPNN;
				INFOPLIST_FILE = MidJuly_PagedTests/Info.plist;
				LD_RUNPATH_SEARCH_PATHS = "$(inherited) @executable_path/Frameworks @loader_path/Frameworks";
				PRODUCT_BUNDLE_IDENTIFIER = "testorg.MidJuly-PagedTests";
				PRODUCT_NAME = "$(TARGET_NAME)";
				SWIFT_VERSION = 3.0;
				TEST_HOST = "$(BUILT_PRODUCTS_DIR)/MidJuly_Paged.app/MidJuly_Paged";
			};
			name = Release;
		};
		7FEBAC3720F7C47F00D99284 /* Debug */ = {
			isa = XCBuildConfiguration;
			buildSettings = {
				ALWAYS_EMBED_SWIFT_STANDARD_LIBRARIES = YES;
				DEVELOPMENT_TEAM = 4GZ5T9GPNN;
				INFOPLIST_FILE = MidJuly_PagedUITests/Info.plist;
				LD_RUNPATH_SEARCH_PATHS = "$(inherited) @executable_path/Frameworks @loader_path/Frameworks";
				PRODUCT_BUNDLE_IDENTIFIER = "testorg.MidJuly-PagedUITests";
				PRODUCT_NAME = "$(TARGET_NAME)";
				SWIFT_VERSION = 3.0;
				TEST_TARGET_NAME = MidJuly_Paged;
			};
			name = Debug;
		};
		7FEBAC3820F7C47F00D99284 /* Release */ = {
			isa = XCBuildConfiguration;
			buildSettings = {
				ALWAYS_EMBED_SWIFT_STANDARD_LIBRARIES = YES;
				DEVELOPMENT_TEAM = 4GZ5T9GPNN;
				INFOPLIST_FILE = MidJuly_PagedUITests/Info.plist;
				LD_RUNPATH_SEARCH_PATHS = "$(inherited) @executable_path/Frameworks @loader_path/Frameworks";
				PRODUCT_BUNDLE_IDENTIFIER = "testorg.MidJuly-PagedUITests";
				PRODUCT_NAME = "$(TARGET_NAME)";
				SWIFT_VERSION = 3.0;
				TEST_TARGET_NAME = MidJuly_Paged;
			};
			name = Release;
		};
/* End XCBuildConfiguration section */

/* Begin XCConfigurationList section */
		7FEBABFF20F7C47E00D99284 /* Build configuration list for PBXProject "MidJuly_Paged" */ = {
			isa = XCConfigurationList;
			buildConfigurations = (
				7FEBAC2E20F7C47F00D99284 /* Debug */,
				7FEBAC2F20F7C47F00D99284 /* Release */,
			);
			defaultConfigurationIsVisible = 0;
			defaultConfigurationName = Release;
		};
		7FEBAC3020F7C47F00D99284 /* Build configuration list for PBXNativeTarget "MidJuly_Paged" */ = {
			isa = XCConfigurationList;
			buildConfigurations = (
				7FEBAC3120F7C47F00D99284 /* Debug */,
				7FEBAC3220F7C47F00D99284 /* Release */,
			);
			defaultConfigurationIsVisible = 0;
			defaultConfigurationName = Release;
		};
		7FEBAC3320F7C47F00D99284 /* Build configuration list for PBXNativeTarget "MidJuly_PagedTests" */ = {
			isa = XCConfigurationList;
			buildConfigurations = (
				7FEBAC3420F7C47F00D99284 /* Debug */,
				7FEBAC3520F7C47F00D99284 /* Release */,
			);
			defaultConfigurationIsVisible = 0;
			defaultConfigurationName = Release;
		};
		7FEBAC3620F7C47F00D99284 /* Build configuration list for PBXNativeTarget "MidJuly_PagedUITests" */ = {
			isa = XCConfigurationList;
			buildConfigurations = (
				7FEBAC3720F7C47F00D99284 /* Debug */,
				7FEBAC3820F7C47F00D99284 /* Release */,
			);
			defaultConfigurationIsVisible = 0;
			defaultConfigurationName = Release;
		};
/* End XCConfigurationList section */
	};
	rootObject = 7FEBABFC20F7C47E00D99284 /* Project object */;
}
